
Microsoft Visual Studio Solution File, Format Version 12.00
# Visual Studio Version 16
VisualStudioVersion = 16.0.33214.272
MinimumVisualStudioVersion = 10.0.40219.1
Project("{FAE04EC0-301F-11D3-BF4B-00C04F79EFBC}") = "Patika_Algoritma_Odv", "Patika_Algoritma_Odv\Patika_Algoritma_Odv.csproj", "{DEBA22BD-4706-4362-9310-77854D08D93B}"
EndProject
Global
	GlobalSection(SolutionConfigurationPlatforms) = preSolution
		Debug|Any CPU = Debug|Any CPU
		Release|Any CPU = Release|Any CPU
	EndGlobalSection
	GlobalSection(ProjectConfigurationPlatforms) = postSolution
		{DEBA22BD-4706-4362-9310-77854D08D93B}.Debug|Any CPU.ActiveCfg = Debug|Any CPU
		{DEBA22BD-4706-4362-9310-77854D08D93B}.Debug|Any CPU.Build.0 = Debug|Any CPU
		{DEBA22BD-4706-4362-9310-77854D08D93B}.Release|Any CPU.ActiveCfg = Release|Any CPU
		{DEBA22BD-4706-4362-9310-77854D08D93B}.Release|Any CPU.Build.0 = Release|Any CPU
	EndGlobalSection
	GlobalSection(SolutionProperties) = preSolution
		HideSolutionNode = FALSE
	EndGlobalSection
	GlobalSection(ExtensibilityGlobals) = postSolution
		SolutionGuid = {2A01DAE6-5736-4154-A5BC-C46586A83D55}
	EndGlobalSection
EndGlobal
